
Microsoft Visual Studio Solution File, Format Version 12.00
# Visual Studio Version 17
VisualStudioVersion = 17.9.34728.123
MinimumVisualStudioVersion = 10.0.40219.1
Project("{FAE04EC0-301F-11D3-BF4B-00C04F79EFBC}") = "MyProperties", "MyProperties.csproj", "{59281224-F789-47F9-A078-23E23D31E057}"
EndProject
Global
	GlobalSection(SolutionConfigurationPlatforms) = preSolution
		Debug|Any CPU = Debug|Any CPU
		Release|Any CPU = Release|Any CPU
	EndGlobalSection
	GlobalSection(ProjectConfigurationPlatforms) = postSolution
		{59281224-F789-47F9-A078-23E23D31E057}.Debug|Any CPU.ActiveCfg = Debug|Any CPU
		{59281224-F789-47F9-A078-23E23D31E057}.Debug|Any CPU.Build.0 = Debug|Any CPU
		{59281224-F789-47F9-A078-23E23D31E057}.Release|Any CPU.ActiveCfg = Release|Any CPU
		{59281224-F789-47F9-A078-23E23D31E057}.Release|Any CPU.Build.0 = Release|Any CPU
	EndGlobalSection
	GlobalSection(SolutionProperties) = preSolution
		HideSolutionNode = FALSE
	EndGlobalSection
	GlobalSection(ExtensibilityGlobals) = postSolution
		SolutionGuid = {322E2722-72BD-47E1-9F9F-21D3550825A3}
	EndGlobalSection
EndGlobal
